PODS:
  - Flutter (1.0.0)
  - native_crypto_ios (0.0.1):
    - Flutter

DEPENDENCIES:
  - Flutter (from `Flutter`)
  - native_crypto_ios (from `.symlinks/plugins/native_crypto_ios/ios`)

EXTERNAL SOURCES:
  Flutter:
    :path: Flutter
  native_crypto_ios:
    :path: ".symlinks/plugins/native_crypto_ios/ios"

SPEC CHECKSUMS:
  Flutter: f04841e97a9d0b0a8025694d0796dd46242b2854
  native_crypto_ios: de03ec2f594e8d41bcba2341b7ad57fd926ada5d

PODFILE CHECKSUM: cc1f88378b4bfcf93a6ce00d2c587857c6008d3b

COCOAPODS: 1.11.3
