PODS:
  - Flutter (1.0.0)
  - native_crypto (0.0.1):
    - Flutter

DEPENDENCIES:
  - Flutter (from `Flutter`)
  - native_crypto (from `.symlinks/plugins/native_crypto/ios`)

EXTERNAL SOURCES:
  Flutter:
    :path: Flutter
  native_crypto:
    :path: ".symlinks/plugins/native_crypto/ios"

SPEC CHECKSUMS:
  Flutter: 0e3d915762c693b495b44d77113d4970485de6ec
  native_crypto: 33b8108e3fcc10052862b69863efc2304c59cb2f

PODFILE CHECKSUM: 1b66dae606f75376c5f2135a8290850eeb09ae83

COCOAPODS: 1.10.1
